
Microsoft Visual Studio Solution File, Format Version 12.00
# Visual Studio 15
VisualStudioVersion = 15.0.26730.3
MinimumVisualStudioVersion = 10.0.40219.1
Project("{2150E333-8FDC-42A3-9474-1A3956D46DE8}") = "Web", "Web", "{7B453E0E-F133-452D-9C4D-22BCA17550DE}"
EndProject
Project("{FAE04EC0-301F-11D3-BF4B-00C04F79EFBC}") = "Portal", "Web\Portal\Portal.csproj", "{881151D7-10F9-405B-B0FD-001C4ED2581C}"
EndProject
Project("{2150E333-8FDC-42A3-9474-1A3956D46DE8}") = "Domain", "Domain", "{32B5A75B-6E88-42FB-9C6E-02F0F6DB62E8}"
EndProject
Project("{FAE04EC0-301F-11D3-BF4B-00C04F79EFBC}") = "Dominio", "Domain\Dominio\Dominio.csproj", "{B3E9754B-C4AC-4550-8033-4ECE80E42B48}"
EndProject
Project("{2150E333-8FDC-42A3-9474-1A3956D46DE8}") = "Infraestructure", "Infraestructure", "{322E6CCA-77E9-4D0A-AE50-2E4AFBDAC9BF}"
EndProject
Project("{FAE04EC0-301F-11D3-BF4B-00C04F79EFBC}") = "Infra", "Infraestructure\Infra\Infra.csproj", "{6802FAB4-5599-4D45-B287-CD4A64539A78}"
EndProject
Project("{2150E333-8FDC-42A3-9474-1A3956D46DE8}") = "Test", "Test", "{336A96A2-E3AE-4255-A175-FA27877E2DBC}"
EndProject
Project("{FAE04EC0-301F-11D3-BF4B-00C04F79EFBC}") = "TestesUnitarios", "Test\TestesUnitarios\TestesUnitarios.csproj", "{7B04841B-DAB2-461A-B4BD-74DA4252433C}"
EndProject
Project("{2150E333-8FDC-42A3-9474-1A3956D46DE8}") = "Application", "Application", "{774F2851-4F0C-48FB-96C1-5E6164B1BE81}"
EndProject
Project("{FAE04EC0-301F-11D3-BF4B-00C04F79EFBC}") = "Aplicacao.Portal", "Application\Aplicacao.Portal\Aplicacao.Portal.csproj", "{76CFBE30-603E-44E1-8CFD-BB9F9D6746B1}"
EndProject
Project("{FAE04EC0-301F-11D3-BF4B-00C04F79EFBC}") = "Aplicacao.Util", "Application\Aplicacao.Util\Aplicacao.Util.csproj", "{CCFAD9DC-218B-4AA4-84B5-FE01DE121E10}"
EndProject
Global
	GlobalSection(SolutionConfigurationPlatforms) = preSolution
		Debug|Any CPU = Debug|Any CPU
		Release|Any CPU = Release|Any CPU
	EndGlobalSection
	GlobalSection(ProjectConfigurationPlatforms) = postSolution
		{881151D7-10F9-405B-B0FD-001C4ED2581C}.Debug|Any CPU.ActiveCfg = Debug|Any CPU
		{881151D7-10F9-405B-B0FD-001C4ED2581C}.Debug|Any CPU.Build.0 = Debug|Any CPU
		{881151D7-10F9-405B-B0FD-001C4ED2581C}.Release|Any CPU.ActiveCfg = Release|Any CPU
		{881151D7-10F9-405B-B0FD-001C4ED2581C}.Release|Any CPU.Build.0 = Release|Any CPU
		{B3E9754B-C4AC-4550-8033-4ECE80E42B48}.Debug|Any CPU.ActiveCfg = Debug|Any CPU
		{B3E9754B-C4AC-4550-8033-4ECE80E42B48}.Debug|Any CPU.Build.0 = Debug|Any CPU
		{B3E9754B-C4AC-4550-8033-4ECE80E42B48}.Release|Any CPU.ActiveCfg = Release|Any CPU
		{B3E9754B-C4AC-4550-8033-4ECE80E42B48}.Release|Any CPU.Build.0 = Release|Any CPU
		{6802FAB4-5599-4D45-B287-CD4A64539A78}.Debug|Any CPU.ActiveCfg = Debug|Any CPU
		{6802FAB4-5599-4D45-B287-CD4A64539A78}.Debug|Any CPU.Build.0 = Debug|Any CPU
		{6802FAB4-5599-4D45-B287-CD4A64539A78}.Release|Any CPU.ActiveCfg = Release|Any CPU
		{6802FAB4-5599-4D45-B287-CD4A64539A78}.Release|Any CPU.Build.0 = Release|Any CPU
		{7B04841B-DAB2-461A-B4BD-74DA4252433C}.Debug|Any CPU.ActiveCfg = Debug|Any CPU
		{7B04841B-DAB2-461A-B4BD-74DA4252433C}.Debug|Any CPU.Build.0 = Debug|Any CPU
		{7B04841B-DAB2-461A-B4BD-74DA4252433C}.Release|Any CPU.ActiveCfg = Release|Any CPU
		{7B04841B-DAB2-461A-B4BD-74DA4252433C}.Release|Any CPU.Build.0 = Release|Any CPU
		{76CFBE30-603E-44E1-8CFD-BB9F9D6746B1}.Debug|Any CPU.ActiveCfg = Debug|Any CPU
		{76CFBE30-603E-44E1-8CFD-BB9F9D6746B1}.Debug|Any CPU.Build.0 = Debug|Any CPU
		{76CFBE30-603E-44E1-8CFD-BB9F9D6746B1}.Release|Any CPU.ActiveCfg = Release|Any CPU
		{76CFBE30-603E-44E1-8CFD-BB9F9D6746B1}.Release|Any CPU.Build.0 = Release|Any CPU
		{CCFAD9DC-218B-4AA4-84B5-FE01DE121E10}.Debug|Any CPU.ActiveCfg = Debug|Any CPU
		{CCFAD9DC-218B-4AA4-84B5-FE01DE121E10}.Debug|Any CPU.Build.0 = Debug|Any CPU
		{CCFAD9DC-218B-4AA4-84B5-FE01DE121E10}.Release|Any CPU.ActiveCfg = Release|Any CPU
		{CCFAD9DC-218B-4AA4-84B5-FE01DE121E10}.Release|Any CPU.Build.0 = Release|Any CPU
	EndGlobalSection
	GlobalSection(SolutionProperties) = preSolution
		HideSolutionNode = FALSE
	EndGlobalSection
	GlobalSection(NestedProjects) = preSolution
		{881151D7-10F9-405B-B0FD-001C4ED2581C} = {7B453E0E-F133-452D-9C4D-22BCA17550DE}
		{B3E9754B-C4AC-4550-8033-4ECE80E42B48} = {32B5A75B-6E88-42FB-9C6E-02F0F6DB62E8}
		{6802FAB4-5599-4D45-B287-CD4A64539A78} = {322E6CCA-77E9-4D0A-AE50-2E4AFBDAC9BF}
		{7B04841B-DAB2-461A-B4BD-74DA4252433C} = {336A96A2-E3AE-4255-A175-FA27877E2DBC}
		{76CFBE30-603E-44E1-8CFD-BB9F9D6746B1} = {774F2851-4F0C-48FB-96C1-5E6164B1BE81}
		{CCFAD9DC-218B-4AA4-84B5-FE01DE121E10} = {774F2851-4F0C-48FB-96C1-5E6164B1BE81}
	EndGlobalSection
	GlobalSection(ExtensibilityGlobals) = postSolution
		SolutionGuid = {7F621975-A134-44FB-B351-AC672939A076}
	EndGlobalSection
EndGlobal
